
Microsoft Visual Studio Solution File, Format Version 12.00
# Visual Studio 14
VisualStudioVersion = 14.0.23107.0
MinimumVisualStudioVersion = 10.0.40219.1
Project("{A81B4A23-AF18-4B01-8944-84D6FB3D4B47}") = "UoB IT", "UoB IT\UoB IT.iceproj", "{89A5619D-CB7E-4E8B-9ED7-C2774C7314D2}"
EndProject
Global
	GlobalSection(SolutionConfigurationPlatforms) = preSolution
		Debug|Any CPU = Debug|Any CPU
		Release|Any CPU = Release|Any CPU
	EndGlobalSection
	GlobalSection(ProjectConfigurationPlatforms) = postSolution
		{89A5619D-CB7E-4E8B-9ED7-C2774C7314D2}.Debug|Any CPU.ActiveCfg = Debug|Any CPU
		{89A5619D-CB7E-4E8B-9ED7-C2774C7314D2}.Debug|Any CPU.Build.0 = Debug|Any CPU
		{89A5619D-CB7E-4E8B-9ED7-C2774C7314D2}.Release|Any CPU.ActiveCfg = Release|Any CPU
		{89A5619D-CB7E-4E8B-9ED7-C2774C7314D2}.Release|Any CPU.Build.0 = Release|Any CPU
	EndGlobalSection
	GlobalSection(SolutionProperties) = preSolution
		HideSolutionNode = FALSE
	EndGlobalSection
EndGlobal
